
Microsoft Visual Studio Solution File, Format Version 12.00
# Visual Studio Version 16
VisualStudioVersion = 16.0.30611.23
MinimumVisualStudioVersion = 10.0.40219.1
Project("{FAE04EC0-301F-11D3-BF4B-00C04F79EFBC}") = "Act6", "Act6.csproj", "{279A2C39-5FF9-45EB-AB88-51C5615DC897}"
EndProject
Global
	GlobalSection(SolutionConfigurationPlatforms) = preSolution
		Debug|Any CPU = Debug|Any CPU
		Release|Any CPU = Release|Any CPU
	EndGlobalSection
	GlobalSection(ProjectConfigurationPlatforms) = postSolution
		{279A2C39-5FF9-45EB-AB88-51C5615DC897}.Debug|Any CPU.ActiveCfg = Debug|Any CPU
		{279A2C39-5FF9-45EB-AB88-51C5615DC897}.Debug|Any CPU.Build.0 = Debug|Any CPU
		{279A2C39-5FF9-45EB-AB88-51C5615DC897}.Release|Any CPU.ActiveCfg = Release|Any CPU
		{279A2C39-5FF9-45EB-AB88-51C5615DC897}.Release|Any CPU.Build.0 = Release|Any CPU
	EndGlobalSection
	GlobalSection(SolutionProperties) = preSolution
		HideSolutionNode = FALSE
	EndGlobalSection
	GlobalSection(ExtensibilityGlobals) = postSolution
		SolutionGuid = {DAC5181F-27FC-4A7F-8680-F3F78053EE84}
	EndGlobalSection
EndGlobal
